# This file is autogenerated, do not edit; changes may be undone by the next 'dep ensure'.


[[projects]]
  name = "github.com/golang/protobuf"
  packages = ["proto"]
  revision = "b5d812f8a3706043e23a9cd5babf2e5423744d30"
  version = "v1.3.1"

[[projects]]
  name = "github.com/graphql-go/graphql"
  packages = [
    "gqlerrors",
    "language/ast",
    "language/kinds",
    "language/lexer",
    "language/location",
    "language/parser",
    "language/printer",
    "language/source",
    "language/typeInfo",
    "language/visitor"
  ]
  revision = "2b0b7340d2285b861482047fbf5de0488e021bea"
  version = "v0.7.8"

[solve-meta]
  analyzer-name = "dep"
  analyzer-version = 1
  inputs-digest = "89fd1d8efe672793187bea36657ccc110538716deb376d5bf773b372629552b7"
  solver-name = "gps-cdcl"
  solver-version = 1
